{
  "name": "FloPrime",
  "lockfileVersion": 3,
  "requires": true,
  "packages": {
    "": {
      "dependencies": {
        "showdown-youtube": "^1.2.1"
      }
    },
    "node_modules/showdown-youtube": {
      "version": "1.2.1",
      "resolved": "https://registry.npmjs.org/showdown-youtube/-/showdown-youtube-1.2.1.tgz",
      "integrity": "sha512-llXqs0lx24OyxuIu3Z5uJ+/GKC7xETV92Nr1SmnxjKKFYmGfsLOS3u91xOGomVn1GzAO8bOGY7qIFkBuGf22jw==",
      "license": "BSD-2-Clause"
    }
  }
}
